
Microsoft Visual Studio Solution File, Format Version 12.00
# Visual Studio Version 16
VisualStudioVersion = 16.0.29424.173
MinimumVisualStudioVersion = 10.0.40219.1
Project("{FAE04EC0-301F-11D3-BF4B-00C04F79EFBC}") = "BasicCSharp", "BasicCSharp\BasicCSharp.csproj", "{0F0D8399-AC06-4139-891D-BC000C9EC850}"
EndProject
Global
	GlobalSection(SolutionConfigurationPlatforms) = preSolution
		Debug|Any CPU = Debug|Any CPU
		Release|Any CPU = Release|Any CPU
	EndGlobalSection
	GlobalSection(ProjectConfigurationPlatforms) = postSolution
		{0F0D8399-AC06-4139-891D-BC000C9EC850}.Debug|Any CPU.ActiveCfg = Debug|Any CPU
		{0F0D8399-AC06-4139-891D-BC000C9EC850}.Debug|Any CPU.Build.0 = Debug|Any CPU
		{0F0D8399-AC06-4139-891D-BC000C9EC850}.Release|Any CPU.ActiveCfg = Release|Any CPU
		{0F0D8399-AC06-4139-891D-BC000C9EC850}.Release|Any CPU.Build.0 = Release|Any CPU
	EndGlobalSection
	GlobalSection(SolutionProperties) = preSolution
		HideSolutionNode = FALSE
	EndGlobalSection
	GlobalSection(ExtensibilityGlobals) = postSolution
		SolutionGuid = {CD05B3B6-F3DD-4A5A-AE95-6715A32D9563}
	EndGlobalSection
EndGlobal
